PODS:
  - Alamofire (5.4.1)
  - ProgressHUD (13.4)
  - SDWebImage (5.10.4):
    - SDWebImage/Core (= 5.10.4)
  - SDWebImage/Core (5.10.4)

DEPENDENCIES:
  - Alamofire
  - ProgressHUD
  - SDWebImage

SPEC REPOS:
  trunk:
    - Alamofire
    - ProgressHUD
    - SDWebImage

SPEC CHECKSUMS:
  Alamofire: 2291f7d21ca607c491dd17642e5d40fdcda0e65c
  ProgressHUD: 137a7fc677487c5581668f4490563124fb35c232
  SDWebImage: c666b97e1fa9c64b4909816a903322018f0a9c84

PODFILE CHECKSUM: 2d341a45962a076bda445ddda9e4709ed900935b

COCOAPODS: 1.10.1
